
Microsoft Visual Studio Solution File, Format Version 12.00
# Visual Studio Version 17
VisualStudioVersion = 17.6.33815.320
MinimumVisualStudioVersion = 10.0.40219.1
Project("{2150E333-8FDC-42A3-9474-1A3956D46DE8}") = "FrontEnd", "FrontEnd", "{30091452-AC61-4FF8-9922-887A2A844D21}"
EndProject
Project("{2150E333-8FDC-42A3-9474-1A3956D46DE8}") = "Integration", "Integration", "{AA8650A5-0B34-4A50-9546-01B21D34B86A}"
EndProject
Project("{2150E333-8FDC-42A3-9474-1A3956D46DE8}") = "Services", "Services", "{7E23DFF7-7ACC-4C85-B29B-28CB2D45C739}"
EndProject
Project("{9A19103F-16F7-4668-BE54-9A1E7A4F7556}") = "Micro_Commerce_Auth", "theJituCommerce_Auth\Micro_Commerce_Auth.csproj", "{AA96B543-0067-461C-ADE6-4013BAACE2D8}"
EndProject
Global
	GlobalSection(SolutionConfigurationPlatforms) = preSolution
		Debug|Any CPU = Debug|Any CPU
		Release|Any CPU = Release|Any CPU
	EndGlobalSection
	GlobalSection(ProjectConfigurationPlatforms) = postSolution
		{AA96B543-0067-461C-ADE6-4013BAACE2D8}.Debug|Any CPU.ActiveCfg = Debug|Any CPU
		{AA96B543-0067-461C-ADE6-4013BAACE2D8}.Debug|Any CPU.Build.0 = Debug|Any CPU
		{AA96B543-0067-461C-ADE6-4013BAACE2D8}.Release|Any CPU.ActiveCfg = Release|Any CPU
		{AA96B543-0067-461C-ADE6-4013BAACE2D8}.Release|Any CPU.Build.0 = Release|Any CPU
	EndGlobalSection
	GlobalSection(SolutionProperties) = preSolution
		HideSolutionNode = FALSE
	EndGlobalSection
	GlobalSection(NestedProjects) = preSolution
		{AA96B543-0067-461C-ADE6-4013BAACE2D8} = {7E23DFF7-7ACC-4C85-B29B-28CB2D45C739}
	EndGlobalSection
	GlobalSection(ExtensibilityGlobals) = postSolution
		SolutionGuid = {1EDC3263-B0BB-40AA-8EC4-F594F8B0EE15}
	EndGlobalSection
EndGlobal
